
Microsoft Visual Studio Solution File, Format Version 12.00
# Visual Studio 14
VisualStudioVersion = 14.0.25420.1
MinimumVisualStudioVersion = 10.0.40219.1
Project("{FAE04EC0-301F-11D3-BF4B-00C04F79EFBC}") = "EncurtadorDeLinks", "EncurtadorDeLinks\EncurtadorDeLinks.csproj", "{1147337A-5439-4390-A421-3165EAFE15E4}"
EndProject
Project("{FAE04EC0-301F-11D3-BF4B-00C04F79EFBC}") = "BitLyAPI", "BitLyAPI\BitLyAPI.csproj", "{79CE1609-3D3D-44BD-9E4D-EBB84793D409}"
EndProject
Global
	GlobalSection(SolutionConfigurationPlatforms) = preSolution
		Debug|Any CPU = Debug|Any CPU
		Release|Any CPU = Release|Any CPU
	EndGlobalSection
	GlobalSection(ProjectConfigurationPlatforms) = postSolution
		{1147337A-5439-4390-A421-3165EAFE15E4}.Debug|Any CPU.ActiveCfg = Debug|Any CPU
		{1147337A-5439-4390-A421-3165EAFE15E4}.Debug|Any CPU.Build.0 = Debug|Any CPU
		{1147337A-5439-4390-A421-3165EAFE15E4}.Release|Any CPU.ActiveCfg = Release|Any CPU
		{1147337A-5439-4390-A421-3165EAFE15E4}.Release|Any CPU.Build.0 = Release|Any CPU
		{79CE1609-3D3D-44BD-9E4D-EBB84793D409}.Debug|Any CPU.ActiveCfg = Debug|Any CPU
		{79CE1609-3D3D-44BD-9E4D-EBB84793D409}.Debug|Any CPU.Build.0 = Debug|Any CPU
		{79CE1609-3D3D-44BD-9E4D-EBB84793D409}.Release|Any CPU.ActiveCfg = Release|Any CPU
		{79CE1609-3D3D-44BD-9E4D-EBB84793D409}.Release|Any CPU.Build.0 = Release|Any CPU
	EndGlobalSection
	GlobalSection(SolutionProperties) = preSolution
		HideSolutionNode = FALSE
	EndGlobalSection
EndGlobal
